
Microsoft Visual Studio Solution File, Format Version 12.00
# Visual Studio Version 17
VisualStudioVersion = 17.2.32526.322
MinimumVisualStudioVersion = 10.0.40219.1
Project("{FAE04EC0-301F-11D3-BF4B-00C04F79EFBC}") = "MEtechnology", "MEtechnology\MEtechnology.csproj", "{1C9562F7-09B0-40F3-BE12-FF1FC84B4AE0}"
EndProject
Global
	GlobalSection(SolutionConfigurationPlatforms) = preSolution
		Debug|Any CPU = Debug|Any CPU
		Release|Any CPU = Release|Any CPU
	EndGlobalSection
	GlobalSection(ProjectConfigurationPlatforms) = postSolution
		{1C9562F7-09B0-40F3-BE12-FF1FC84B4AE0}.Debug|Any CPU.ActiveCfg = Debug|Any CPU
		{1C9562F7-09B0-40F3-BE12-FF1FC84B4AE0}.Debug|Any CPU.Build.0 = Debug|Any CPU
		{1C9562F7-09B0-40F3-BE12-FF1FC84B4AE0}.Release|Any CPU.ActiveCfg = Release|Any CPU
		{1C9562F7-09B0-40F3-BE12-FF1FC84B4AE0}.Release|Any CPU.Build.0 = Release|Any CPU
	EndGlobalSection
	GlobalSection(SolutionProperties) = preSolution
		HideSolutionNode = FALSE
	EndGlobalSection
	GlobalSection(ExtensibilityGlobals) = postSolution
		SolutionGuid = {EFE63DB3-A45F-4929-8139-635ED4F8BE37}
	EndGlobalSection
EndGlobal
